
Microsoft Visual Studio Solution File, Format Version 12.00
# Visual Studio Version 17
VisualStudioVersion = 17.14.36119.2 d17.14
MinimumVisualStudioVersion = 10.0.40219.1
Project("{FAE04EC0-301F-11D3-BF4B-00C04F79EFBC}") = "MyAgenda", "MyAgenda\MyAgenda.csproj", "{B94BCBF8-332A-4A1E-88A5-C70ED957E529}"
EndProject
Global
	GlobalSection(SolutionConfigurationPlatforms) = preSolution
		Debug|Any CPU = Debug|Any CPU
		Release|Any CPU = Release|Any CPU
	EndGlobalSection
	GlobalSection(ProjectConfigurationPlatforms) = postSolution
		{B94BCBF8-332A-4A1E-88A5-C70ED957E529}.Debug|Any CPU.ActiveCfg = Debug|Any CPU
		{B94BCBF8-332A-4A1E-88A5-C70ED957E529}.Debug|Any CPU.Build.0 = Debug|Any CPU
		{B94BCBF8-332A-4A1E-88A5-C70ED957E529}.Debug|Any CPU.Deploy.0 = Debug|Any CPU
		{B94BCBF8-332A-4A1E-88A5-C70ED957E529}.Release|Any CPU.ActiveCfg = Release|Any CPU
		{B94BCBF8-332A-4A1E-88A5-C70ED957E529}.Release|Any CPU.Build.0 = Release|Any CPU
		{B94BCBF8-332A-4A1E-88A5-C70ED957E529}.Release|Any CPU.Deploy.0 = Release|Any CPU
	EndGlobalSection
	GlobalSection(SolutionProperties) = preSolution
		HideSolutionNode = FALSE
	EndGlobalSection
	GlobalSection(ExtensibilityGlobals) = postSolution
		SolutionGuid = {1044F85A-E44E-411F-AF7B-E84E9E2B0804}
	EndGlobalSection
EndGlobal
